
Microsoft Visual Studio Solution File, Format Version 12.00
# Visual Studio Version 16
VisualStudioVersion = 16.0.31410.357
MinimumVisualStudioVersion = 10.0.40219.1
Project("{FAE04EC0-301F-11D3-BF4B-00C04F79EFBC}") = "VilaoEletrico", "VilaoEletrico\VilaoEletrico.csproj", "{289536D3-7E28-4A30-9A6D-6E4E98BF5E44}"
EndProject
Global
	GlobalSection(SolutionConfigurationPlatforms) = preSolution
		Debug|Any CPU = Debug|Any CPU
		Release|Any CPU = Release|Any CPU
	EndGlobalSection
	GlobalSection(ProjectConfigurationPlatforms) = postSolution
		{289536D3-7E28-4A30-9A6D-6E4E98BF5E44}.Debug|Any CPU.ActiveCfg = Debug|Any CPU
		{289536D3-7E28-4A30-9A6D-6E4E98BF5E44}.Debug|Any CPU.Build.0 = Debug|Any CPU
		{289536D3-7E28-4A30-9A6D-6E4E98BF5E44}.Release|Any CPU.ActiveCfg = Release|Any CPU
		{289536D3-7E28-4A30-9A6D-6E4E98BF5E44}.Release|Any CPU.Build.0 = Release|Any CPU
	EndGlobalSection
	GlobalSection(SolutionProperties) = preSolution
		HideSolutionNode = FALSE
	EndGlobalSection
	GlobalSection(ExtensibilityGlobals) = postSolution
		SolutionGuid = {AEABFEBE-71DB-4046-AFEE-C2BBA5708B3A}
	EndGlobalSection
EndGlobal
