
Microsoft Visual Studio Solution File, Format Version 12.00
# Visual Studio Version 16
VisualStudioVersion = 16.0.31410.357
MinimumVisualStudioVersion = 10.0.40219.1
Project("{FAE04EC0-301F-11D3-BF4B-00C04F79EFBC}") = "CalculadoraPosFixada", "CalculadoraPosFixada\CalculadoraPosFixada.csproj", "{3ECA718D-D471-4081-BB92-9BF23024822C}"
EndProject
Global
	GlobalSection(SolutionConfigurationPlatforms) = preSolution
		Debug|Any CPU = Debug|Any CPU
		Release|Any CPU = Release|Any CPU
	EndGlobalSection
	GlobalSection(ProjectConfigurationPlatforms) = postSolution
		{3ECA718D-D471-4081-BB92-9BF23024822C}.Debug|Any CPU.ActiveCfg = Debug|Any CPU
		{3ECA718D-D471-4081-BB92-9BF23024822C}.Debug|Any CPU.Build.0 = Debug|Any CPU
		{3ECA718D-D471-4081-BB92-9BF23024822C}.Release|Any CPU.ActiveCfg = Release|Any CPU
		{3ECA718D-D471-4081-BB92-9BF23024822C}.Release|Any CPU.Build.0 = Release|Any CPU
	EndGlobalSection
	GlobalSection(SolutionProperties) = preSolution
		HideSolutionNode = FALSE
	EndGlobalSection
	GlobalSection(ExtensibilityGlobals) = postSolution
		SolutionGuid = {5F6536B5-61A1-45F9-9CFB-56DB1A815A0C}
	EndGlobalSection
EndGlobal
