
Microsoft Visual Studio Solution File, Format Version 12.00
# Visual Studio Version 16
VisualStudioVersion = 16.0.31410.357
MinimumVisualStudioVersion = 10.0.40219.1
Project("{FAE04EC0-301F-11D3-BF4B-00C04F79EFBC}") = "Calculadora2_0", "Calculadora2_0\Calculadora2_0.csproj", "{295C1BE5-55C7-417C-AEEC-7D53E5E35EAB}"
EndProject
Global
	GlobalSection(SolutionConfigurationPlatforms) = preSolution
		Debug|Any CPU = Debug|Any CPU
		Release|Any CPU = Release|Any CPU
	EndGlobalSection
	GlobalSection(ProjectConfigurationPlatforms) = postSolution
		{295C1BE5-55C7-417C-AEEC-7D53E5E35EAB}.Debug|Any CPU.ActiveCfg = Debug|Any CPU
		{295C1BE5-55C7-417C-AEEC-7D53E5E35EAB}.Debug|Any CPU.Build.0 = Debug|Any CPU
		{295C1BE5-55C7-417C-AEEC-7D53E5E35EAB}.Release|Any CPU.ActiveCfg = Release|Any CPU
		{295C1BE5-55C7-417C-AEEC-7D53E5E35EAB}.Release|Any CPU.Build.0 = Release|Any CPU
	EndGlobalSection
	GlobalSection(SolutionProperties) = preSolution
		HideSolutionNode = FALSE
	EndGlobalSection
	GlobalSection(ExtensibilityGlobals) = postSolution
		SolutionGuid = {B490BE38-AE9E-424C-8A63-7CD0BB2ACA90}
	EndGlobalSection
EndGlobal
